
Microsoft Visual Studio Solution File, Format Version 12.00
# Visual Studio Version 17
VisualStudioVersion = 17.4.33213.308
MinimumVisualStudioVersion = 10.0.40219.1
Project("{9A19103F-16F7-4668-BE54-9A1E7A4F7556}") = "AgendaApi", "AgendaApi\AgendaApi.csproj", "{FABBB929-5AE6-4651-9CA8-86942EBA3163}"
EndProject
Project("{9A19103F-16F7-4668-BE54-9A1E7A4F7556}") = "Agenda.Application", "Agenda.Application\Agenda.Application.csproj", "{73249A3C-905D-44CA-9A31-83EAB108F368}"
EndProject
Project("{9A19103F-16F7-4668-BE54-9A1E7A4F7556}") = "Agenda.Domain", "Agenda.Domain\Agenda.Domain.csproj", "{F9E69B15-E36F-45EA-81B8-2B50775844F2}"
EndProject
Project("{9A19103F-16F7-4668-BE54-9A1E7A4F7556}") = "Agenda.Infrastructure", "Agenda.Infrastructure\Agenda.Infrastructure.csproj", "{91FB59B4-76EF-4A04-A68D-952EAF7C65E0}"
EndProject
Project("{FAE04EC0-301F-11D3-BF4B-00C04F79EFBC}") = "Agenda.Tests", "Agenda.Tests\Agenda.Tests.csproj", "{57CACACD-4D76-4FE8-9638-FE187F2BC855}"
EndProject
Global
	GlobalSection(SolutionConfigurationPlatforms) = preSolution
		Debug|Any CPU = Debug|Any CPU
		Release|Any CPU = Release|Any CPU
	EndGlobalSection
	GlobalSection(ProjectConfigurationPlatforms) = postSolution
		{FABBB929-5AE6-4651-9CA8-86942EBA3163}.Debug|Any CPU.ActiveCfg = Debug|Any CPU
		{FABBB929-5AE6-4651-9CA8-86942EBA3163}.Debug|Any CPU.Build.0 = Debug|Any CPU
		{FABBB929-5AE6-4651-9CA8-86942EBA3163}.Release|Any CPU.ActiveCfg = Release|Any CPU
		{FABBB929-5AE6-4651-9CA8-86942EBA3163}.Release|Any CPU.Build.0 = Release|Any CPU
		{73249A3C-905D-44CA-9A31-83EAB108F368}.Debug|Any CPU.ActiveCfg = Debug|Any CPU
		{73249A3C-905D-44CA-9A31-83EAB108F368}.Debug|Any CPU.Build.0 = Debug|Any CPU
		{73249A3C-905D-44CA-9A31-83EAB108F368}.Release|Any CPU.ActiveCfg = Release|Any CPU
		{73249A3C-905D-44CA-9A31-83EAB108F368}.Release|Any CPU.Build.0 = Release|Any CPU
		{F9E69B15-E36F-45EA-81B8-2B50775844F2}.Debug|Any CPU.ActiveCfg = Debug|Any CPU
		{F9E69B15-E36F-45EA-81B8-2B50775844F2}.Debug|Any CPU.Build.0 = Debug|Any CPU
		{F9E69B15-E36F-45EA-81B8-2B50775844F2}.Release|Any CPU.ActiveCfg = Release|Any CPU
		{F9E69B15-E36F-45EA-81B8-2B50775844F2}.Release|Any CPU.Build.0 = Release|Any CPU
		{91FB59B4-76EF-4A04-A68D-952EAF7C65E0}.Debug|Any CPU.ActiveCfg = Debug|Any CPU
		{91FB59B4-76EF-4A04-A68D-952EAF7C65E0}.Debug|Any CPU.Build.0 = Debug|Any CPU
		{91FB59B4-76EF-4A04-A68D-952EAF7C65E0}.Release|Any CPU.ActiveCfg = Release|Any CPU
		{91FB59B4-76EF-4A04-A68D-952EAF7C65E0}.Release|Any CPU.Build.0 = Release|Any CPU
		{57CACACD-4D76-4FE8-9638-FE187F2BC855}.Debug|Any CPU.ActiveCfg = Debug|Any CPU
		{57CACACD-4D76-4FE8-9638-FE187F2BC855}.Debug|Any CPU.Build.0 = Debug|Any CPU
		{57CACACD-4D76-4FE8-9638-FE187F2BC855}.Release|Any CPU.ActiveCfg = Release|Any CPU
		{57CACACD-4D76-4FE8-9638-FE187F2BC855}.Release|Any CPU.Build.0 = Release|Any CPU
	EndGlobalSection
	GlobalSection(SolutionProperties) = preSolution
		HideSolutionNode = FALSE
	EndGlobalSection
	GlobalSection(ExtensibilityGlobals) = postSolution
		SolutionGuid = {DC7969FB-1C3D-4B63-A316-F402CBB30D05}
	EndGlobalSection
EndGlobal
